
Microsoft Visual Studio Solution File, Format Version 12.00
# Visual Studio 15
VisualStudioVersion = 15.0.26124.0
MinimumVisualStudioVersion = 15.0.26124.0
Project("{FAE04EC0-301F-11D3-BF4B-00C04F79EFBC}") = "dotnet-exec", "src\dotnet-exec.csproj", "{B75ABB55-8AFD-457E-84A0-B329B41C44F1}"
EndProject
Project("{FAE04EC0-301F-11D3-BF4B-00C04F79EFBC}") = "dotnet-exec-test", "test\dotnet-exec-test.csproj", "{C6742809-3FE2-4A74-B61C-F573BE7C7423}"
EndProject
Global
	GlobalSection(SolutionConfigurationPlatforms) = preSolution
		Debug|Any CPU = Debug|Any CPU
		Debug|x64 = Debug|x64
		Debug|x86 = Debug|x86
		Release|Any CPU = Release|Any CPU
		Release|x64 = Release|x64
		Release|x86 = Release|x86
	EndGlobalSection
	GlobalSection(SolutionProperties) = preSolution
		HideSolutionNode = FALSE
	EndGlobalSection
	GlobalSection(ProjectConfigurationPlatforms) = postSolution
		{B75ABB55-8AFD-457E-84A0-B329B41C44F1}.Debug|Any CPU.ActiveCfg = Debug|Any CPU
		{B75ABB55-8AFD-457E-84A0-B329B41C44F1}.Debug|Any CPU.Build.0 = Debug|Any CPU
		{B75ABB55-8AFD-457E-84A0-B329B41C44F1}.Debug|x64.ActiveCfg = Debug|Any CPU
		{B75ABB55-8AFD-457E-84A0-B329B41C44F1}.Debug|x64.Build.0 = Debug|Any CPU
		{B75ABB55-8AFD-457E-84A0-B329B41C44F1}.Debug|x86.ActiveCfg = Debug|Any CPU
		{B75ABB55-8AFD-457E-84A0-B329B41C44F1}.Debug|x86.Build.0 = Debug|Any CPU
		{B75ABB55-8AFD-457E-84A0-B329B41C44F1}.Release|Any CPU.ActiveCfg = Release|Any CPU
		{B75ABB55-8AFD-457E-84A0-B329B41C44F1}.Release|Any CPU.Build.0 = Release|Any CPU
		{B75ABB55-8AFD-457E-84A0-B329B41C44F1}.Release|x64.ActiveCfg = Release|Any CPU
		{B75ABB55-8AFD-457E-84A0-B329B41C44F1}.Release|x64.Build.0 = Release|Any CPU
		{B75ABB55-8AFD-457E-84A0-B329B41C44F1}.Release|x86.ActiveCfg = Release|Any CPU
		{B75ABB55-8AFD-457E-84A0-B329B41C44F1}.Release|x86.Build.0 = Release|Any CPU
		{C6742809-3FE2-4A74-B61C-F573BE7C7423}.Debug|Any CPU.ActiveCfg = Debug|Any CPU
		{C6742809-3FE2-4A74-B61C-F573BE7C7423}.Debug|Any CPU.Build.0 = Debug|Any CPU
		{C6742809-3FE2-4A74-B61C-F573BE7C7423}.Debug|x64.ActiveCfg = Debug|Any CPU
		{C6742809-3FE2-4A74-B61C-F573BE7C7423}.Debug|x64.Build.0 = Debug|Any CPU
		{C6742809-3FE2-4A74-B61C-F573BE7C7423}.Debug|x86.ActiveCfg = Debug|Any CPU
		{C6742809-3FE2-4A74-B61C-F573BE7C7423}.Debug|x86.Build.0 = Debug|Any CPU
		{C6742809-3FE2-4A74-B61C-F573BE7C7423}.Release|Any CPU.ActiveCfg = Release|Any CPU
		{C6742809-3FE2-4A74-B61C-F573BE7C7423}.Release|Any CPU.Build.0 = Release|Any CPU
		{C6742809-3FE2-4A74-B61C-F573BE7C7423}.Release|x64.ActiveCfg = Release|Any CPU
		{C6742809-3FE2-4A74-B61C-F573BE7C7423}.Release|x64.Build.0 = Release|Any CPU
		{C6742809-3FE2-4A74-B61C-F573BE7C7423}.Release|x86.ActiveCfg = Release|Any CPU
		{C6742809-3FE2-4A74-B61C-F573BE7C7423}.Release|x86.Build.0 = Release|Any CPU
	EndGlobalSection
EndGlobal
